
Microsoft Visual Studio Solution File, Format Version 12.00
# Visual Studio Version 17
VisualStudioVersion = 17.14.36429.23
MinimumVisualStudioVersion = 10.0.40219.1
Project("{2150E333-8FDC-42A3-9474-1A3956D46DE8}") = "Task0", "Task0", "{AFC3CE62-AF9A-4300-B89E-A28F01F65F0B}"
EndProject
Project("{FAE04EC0-301F-11D3-BF4B-00C04F79EFBC}") = "Tyuiu.GroshevID.Sprint1.Task0.V30", "Tyuiu.GroshevID.Sprint1.Task0.V30\Tyuiu.GroshevID.Sprint1.Task0.V30.csproj", "{068ABB99-E580-44DA-9B36-415B9DA31787}"
EndProject
Project("{FAE04EC0-301F-11D3-BF4B-00C04F79EFBC}") = "Tyuiu.GroshevID.Sprint1.Task0.V30.Lib", "Tyuiu.GroshevID.Sprint1.Task0.V30.Lib\Tyuiu.GroshevID.Sprint1.Task0.V30.Lib.csproj", "{EB70248D-7090-4CB0-B4BE-6C84832AD803}"
EndProject
Project("{FAE04EC0-301F-11D3-BF4B-00C04F79EFBC}") = "Tyuiu.GroshevID.Sprint1.Task0.V30.Test", "Tyuiu.GroshevID.Sprint1.Task0.V30.Test\Tyuiu.GroshevID.Sprint1.Task0.V30.Test.csproj", "{EE40C569-CFC0-49C5-A8A9-3EADC48C8B23}"
EndProject
Project("{2150E333-8FDC-42A3-9474-1A3956D46DE8}") = "Task1", "Task1", "{02EA681E-C7D8-13C7-8484-4AC65E1B71E8}"
EndProject
Project("{FAE04EC0-301F-11D3-BF4B-00C04F79EFBC}") = "Tyuiu.GroshevID.Sprint1.Task1.V7", "Tyuiu.GroshevID.Sprint1.Task1.V7\Tyuiu.GroshevID.Sprint1.Task1.V7.csproj", "{9C23BA87-A327-4FF6-8935-2170ED0339AA}"
EndProject
Project("{FAE04EC0-301F-11D3-BF4B-00C04F79EFBC}") = "Tyuiu.GroshevID.Sprint1.Task1.V7.Lib", "Tyuiu.GroshevID.Sprint1.Task1.V7.Lib\Tyuiu.GroshevID.Sprint1.Task1.V7.Lib.csproj", "{1910291E-82EB-44D4-AC5E-2208EDCBDB41}"
EndProject
Project("{FAE04EC0-301F-11D3-BF4B-00C04F79EFBC}") = "Tyuiu.GroshevID.Sprint1.Task1.V7.Test", "Tyuiu.GroshevID.Sprint1.Task1.V7.Test\Tyuiu.GroshevID.Sprint1.Task1.V7.Test.csproj", "{AED2C128-3C49-4CFF-83E4-786E97B9A8C0}"
EndProject
Project("{2150E333-8FDC-42A3-9474-1A3956D46DE8}") = "Task2", "Task2", "{8572C9FC-E042-4C15-83E7-88532122B014}"
EndProject
Project("{FAE04EC0-301F-11D3-BF4B-00C04F79EFBC}") = "Tyuiu.GroshevID.Sprint1.Task2.V10", "Tyuiu.GroshevID.Sprint1.Task2.V10\Tyuiu.GroshevID.Sprint1.Task2.V10.csproj", "{06853A1A-99A8-4255-8453-3A1E8D056E17}"
EndProject
Project("{FAE04EC0-301F-11D3-BF4B-00C04F79EFBC}") = "Tyuiu.GroshevID.Sprint1.Task2.V10.Lib", "Tyuiu.GroshevID.Sprint1.Task2.V10.Lib\Tyuiu.GroshevID.Sprint1.Task2.V10.Lib.csproj", "{FCCBE249-1207-43D5-B100-3CDC516DF986}"
EndProject
Project("{FAE04EC0-301F-11D3-BF4B-00C04F79EFBC}") = "Tyuiu.GroshevID.Sprint1.Task2.V10.Test", "Tyuiu.GroshevID.Sprint1.Task2.V10.Test\Tyuiu.GroshevID.Sprint1.Task2.V10.Test.csproj", "{9244DB76-40DC-4968-976C-7EAECE6BD3F6}"
EndProject
Project("{2150E333-8FDC-42A3-9474-1A3956D46DE8}") = "Task3", "Task3", "{A447B8DD-B3CB-45C9-B9A8-8C98C2EA3902}"
EndProject
Project("{FAE04EC0-301F-11D3-BF4B-00C04F79EFBC}") = "Tyuiu.GroshevID.Sprint1.Task3.V9", "Tyuiu.GroshevID.Sprint1.Task3.V9\Tyuiu.GroshevID.Sprint1.Task3.V9.csproj", "{D8CAB3CF-2426-4A46-920D-2E3BE0B24DDB}"
EndProject
Project("{FAE04EC0-301F-11D3-BF4B-00C04F79EFBC}") = "Tyuiu.GroshevID.Sprint1.Task3.V9.Lib", "Tyuiu.GroshevID.Sprint1.Task3.V9.Lib\Tyuiu.GroshevID.Sprint1.Task3.V9.Lib.csproj", "{22270F25-952E-40F1-9DEA-D2DFC593C736}"
EndProject
Project("{FAE04EC0-301F-11D3-BF4B-00C04F79EFBC}") = "Tyuiu.GroshevID.Sprint1.Task3.V9.Test", "Tyuiu.GroshevID.Sprint1.Task3.V9.Test\Tyuiu.GroshevID.Sprint1.Task3.V9.Test.csproj", "{8798F604-E81B-4465-93EE-6828C6CE94EF}"
EndProject
Global
	GlobalSection(SolutionConfigurationPlatforms) = preSolution
		Debug|Any CPU = Debug|Any CPU
		Release|Any CPU = Release|Any CPU
	EndGlobalSection
	GlobalSection(ProjectConfigurationPlatforms) = postSolution
		{068ABB99-E580-44DA-9B36-415B9DA31787}.Debug|Any CPU.ActiveCfg = Debug|Any CPU
		{068ABB99-E580-44DA-9B36-415B9DA31787}.Debug|Any CPU.Build.0 = Debug|Any CPU
		{068ABB99-E580-44DA-9B36-415B9DA31787}.Release|Any CPU.ActiveCfg = Release|Any CPU
		{068ABB99-E580-44DA-9B36-415B9DA31787}.Release|Any CPU.Build.0 = Release|Any CPU
		{EB70248D-7090-4CB0-B4BE-6C84832AD803}.Debug|Any CPU.ActiveCfg = Debug|Any CPU
		{EB70248D-7090-4CB0-B4BE-6C84832AD803}.Debug|Any CPU.Build.0 = Debug|Any CPU
		{EB70248D-7090-4CB0-B4BE-6C84832AD803}.Release|Any CPU.ActiveCfg = Release|Any CPU
		{EB70248D-7090-4CB0-B4BE-6C84832AD803}.Release|Any CPU.Build.0 = Release|Any CPU
		{EE40C569-CFC0-49C5-A8A9-3EADC48C8B23}.Debug|Any CPU.ActiveCfg = Debug|Any CPU
		{EE40C569-CFC0-49C5-A8A9-3EADC48C8B23}.Debug|Any CPU.Build.0 = Debug|Any CPU
		{EE40C569-CFC0-49C5-A8A9-3EADC48C8B23}.Release|Any CPU.ActiveCfg = Release|Any CPU
		{EE40C569-CFC0-49C5-A8A9-3EADC48C8B23}.Release|Any CPU.Build.0 = Release|Any CPU
		{9C23BA87-A327-4FF6-8935-2170ED0339AA}.Debug|Any CPU.ActiveCfg = Debug|Any CPU
		{9C23BA87-A327-4FF6-8935-2170ED0339AA}.Debug|Any CPU.Build.0 = Debug|Any CPU
		{9C23BA87-A327-4FF6-8935-2170ED0339AA}.Release|Any CPU.ActiveCfg = Release|Any CPU
		{9C23BA87-A327-4FF6-8935-2170ED0339AA}.Release|Any CPU.Build.0 = Release|Any CPU
		{1910291E-82EB-44D4-AC5E-2208EDCBDB41}.Debug|Any CPU.ActiveCfg = Debug|Any CPU
		{1910291E-82EB-44D4-AC5E-2208EDCBDB41}.Debug|Any CPU.Build.0 = Debug|Any CPU
		{1910291E-82EB-44D4-AC5E-2208EDCBDB41}.Release|Any CPU.ActiveCfg = Release|Any CPU
		{1910291E-82EB-44D4-AC5E-2208EDCBDB41}.Release|Any CPU.Build.0 = Release|Any CPU
		{AED2C128-3C49-4CFF-83E4-786E97B9A8C0}.Debug|Any CPU.ActiveCfg = Debug|Any CPU
		{AED2C128-3C49-4CFF-83E4-786E97B9A8C0}.Debug|Any CPU.Build.0 = Debug|Any CPU
		{AED2C128-3C49-4CFF-83E4-786E97B9A8C0}.Release|Any CPU.ActiveCfg = Release|Any CPU
		{AED2C128-3C49-4CFF-83E4-786E97B9A8C0}.Release|Any CPU.Build.0 = Release|Any CPU
		{06853A1A-99A8-4255-8453-3A1E8D056E17}.Debug|Any CPU.ActiveCfg = Debug|Any CPU
		{06853A1A-99A8-4255-8453-3A1E8D056E17}.Debug|Any CPU.Build.0 = Debug|Any CPU
		{06853A1A-99A8-4255-8453-3A1E8D056E17}.Release|Any CPU.ActiveCfg = Release|Any CPU
		{06853A1A-99A8-4255-8453-3A1E8D056E17}.Release|Any CPU.Build.0 = Release|Any CPU
		{FCCBE249-1207-43D5-B100-3CDC516DF986}.Debug|Any CPU.ActiveCfg = Debug|Any CPU
		{FCCBE249-1207-43D5-B100-3CDC516DF986}.Debug|Any CPU.Build.0 = Debug|Any CPU
		{FCCBE249-1207-43D5-B100-3CDC516DF986}.Release|Any CPU.ActiveCfg = Release|Any CPU
		{FCCBE249-1207-43D5-B100-3CDC516DF986}.Release|Any CPU.Build.0 = Release|Any CPU
		{9244DB76-40DC-4968-976C-7EAECE6BD3F6}.Debug|Any CPU.ActiveCfg = Debug|Any CPU
		{9244DB76-40DC-4968-976C-7EAECE6BD3F6}.Debug|Any CPU.Build.0 = Debug|Any CPU
		{9244DB76-40DC-4968-976C-7EAECE6BD3F6}.Release|Any CPU.ActiveCfg = Release|Any CPU
		{9244DB76-40DC-4968-976C-7EAECE6BD3F6}.Release|Any CPU.Build.0 = Release|Any CPU
		{D8CAB3CF-2426-4A46-920D-2E3BE0B24DDB}.Debug|Any CPU.ActiveCfg = Debug|Any CPU
		{D8CAB3CF-2426-4A46-920D-2E3BE0B24DDB}.Debug|Any CPU.Build.0 = Debug|Any CPU
		{D8CAB3CF-2426-4A46-920D-2E3BE0B24DDB}.Release|Any CPU.ActiveCfg = Release|Any CPU
		{D8CAB3CF-2426-4A46-920D-2E3BE0B24DDB}.Release|Any CPU.Build.0 = Release|Any CPU
		{22270F25-952E-40F1-9DEA-D2DFC593C736}.Debug|Any CPU.ActiveCfg = Debug|Any CPU
		{22270F25-952E-40F1-9DEA-D2DFC593C736}.Debug|Any CPU.Build.0 = Debug|Any CPU
		{22270F25-952E-40F1-9DEA-D2DFC593C736}.Release|Any CPU.ActiveCfg = Release|Any CPU
		{22270F25-952E-40F1-9DEA-D2DFC593C736}.Release|Any CPU.Build.0 = Release|Any CPU
		{8798F604-E81B-4465-93EE-6828C6CE94EF}.Debug|Any CPU.ActiveCfg = Debug|Any CPU
		{8798F604-E81B-4465-93EE-6828C6CE94EF}.Debug|Any CPU.Build.0 = Debug|Any CPU
		{8798F604-E81B-4465-93EE-6828C6CE94EF}.Release|Any CPU.ActiveCfg = Release|Any CPU
		{8798F604-E81B-4465-93EE-6828C6CE94EF}.Release|Any CPU.Build.0 = Release|Any CPU
	EndGlobalSection
	GlobalSection(SolutionProperties) = preSolution
		HideSolutionNode = FALSE
	EndGlobalSection
	GlobalSection(NestedProjects) = preSolution
		{068ABB99-E580-44DA-9B36-415B9DA31787} = {AFC3CE62-AF9A-4300-B89E-A28F01F65F0B}
		{EB70248D-7090-4CB0-B4BE-6C84832AD803} = {AFC3CE62-AF9A-4300-B89E-A28F01F65F0B}
		{EE40C569-CFC0-49C5-A8A9-3EADC48C8B23} = {AFC3CE62-AF9A-4300-B89E-A28F01F65F0B}
		{9C23BA87-A327-4FF6-8935-2170ED0339AA} = {02EA681E-C7D8-13C7-8484-4AC65E1B71E8}
		{1910291E-82EB-44D4-AC5E-2208EDCBDB41} = {02EA681E-C7D8-13C7-8484-4AC65E1B71E8}
		{AED2C128-3C49-4CFF-83E4-786E97B9A8C0} = {02EA681E-C7D8-13C7-8484-4AC65E1B71E8}
		{06853A1A-99A8-4255-8453-3A1E8D056E17} = {8572C9FC-E042-4C15-83E7-88532122B014}
		{FCCBE249-1207-43D5-B100-3CDC516DF986} = {8572C9FC-E042-4C15-83E7-88532122B014}
		{9244DB76-40DC-4968-976C-7EAECE6BD3F6} = {8572C9FC-E042-4C15-83E7-88532122B014}
		{D8CAB3CF-2426-4A46-920D-2E3BE0B24DDB} = {A447B8DD-B3CB-45C9-B9A8-8C98C2EA3902}
		{22270F25-952E-40F1-9DEA-D2DFC593C736} = {A447B8DD-B3CB-45C9-B9A8-8C98C2EA3902}
		{8798F604-E81B-4465-93EE-6828C6CE94EF} = {A447B8DD-B3CB-45C9-B9A8-8C98C2EA3902}
	EndGlobalSection
	GlobalSection(ExtensibilityGlobals) = postSolution
		SolutionGuid = {CCF80AF4-B60B-4D33-BF21-FD5A89482B9B}
	EndGlobalSection
EndGlobal
