
Microsoft Visual Studio Solution File, Format Version 12.00
# Visual Studio Version 17
VisualStudioVersion = 17.14.36429.23
MinimumVisualStudioVersion = 10.0.40219.1
Project("{2150E333-8FDC-42A3-9474-1A3956D46DE8}") = "Task0", "Task0", "{AFC3CE62-AF9A-4300-B89E-A28F01F65F0B}"
EndProject
Project("{FAE04EC0-301F-11D3-BF4B-00C04F79EFBC}") = "Tyuiu.GroshevID.Sprint1.Task0.V30", "Tyuiu.GroshevID.Sprint1.Task0.V30\Tyuiu.GroshevID.Sprint1.Task0.V30.csproj", "{068ABB99-E580-44DA-9B36-415B9DA31787}"
EndProject
Project("{FAE04EC0-301F-11D3-BF4B-00C04F79EFBC}") = "Tyuiu.GroshevID.Sprint1.Task0.V30.Lib", "Tyuiu.GroshevID.Sprint1.Task0.V30.Lib\Tyuiu.GroshevID.Sprint1.Task0.V30.Lib.csproj", "{EB70248D-7090-4CB0-B4BE-6C84832AD803}"
EndProject
Project("{FAE04EC0-301F-11D3-BF4B-00C04F79EFBC}") = "Tyuiu.GroshevID.Sprint1.Task0.V30.Test", "Tyuiu.GroshevID.Sprint1.Task0.V30.Test\Tyuiu.GroshevID.Sprint1.Task0.V30.Test.csproj", "{EE40C569-CFC0-49C5-A8A9-3EADC48C8B23}"
EndProject
Project("{2150E333-8FDC-42A3-9474-1A3956D46DE8}") = "Task1", "Task1", "{02EA681E-C7D8-13C7-8484-4AC65E1B71E8}"
EndProject
Project("{FAE04EC0-301F-11D3-BF4B-00C04F79EFBC}") = "Tyuiu.GroshevID.Sprint1.Task1.V7", "Tyuiu.GroshevID.Sprint1.Task1.V7\Tyuiu.GroshevID.Sprint1.Task1.V7.csproj", "{9C23BA87-A327-4FF6-8935-2170ED0339AA}"
EndProject
Project("{FAE04EC0-301F-11D3-BF4B-00C04F79EFBC}") = "Tyuiu.GroshevID.Sprint1.Task1.V7.Lib", "Tyuiu.GroshevID.Sprint1.Task1.V7.Lib\Tyuiu.GroshevID.Sprint1.Task1.V7.Lib.csproj", "{1910291E-82EB-44D4-AC5E-2208EDCBDB41}"
EndProject
Project("{FAE04EC0-301F-11D3-BF4B-00C04F79EFBC}") = "Tyuiu.GroshevID.Sprint1.Task1.V7.Test", "Tyuiu.GroshevID.Sprint1.Task1.V7.Test\Tyuiu.GroshevID.Sprint1.Task1.V7.Test.csproj", "{AED2C128-3C49-4CFF-83E4-786E97B9A8C0}"
EndProject
Project("{2150E333-8FDC-42A3-9474-1A3956D46DE8}") = "Task2", "Task2", "{8572C9FC-E042-4C15-83E7-88532122B014}"
EndProject
Project("{FAE04EC0-301F-11D3-BF4B-00C04F79EFBC}") = "Tyuiu.GroshevID.Sprint1.Task2.V10", "Tyuiu.GroshevID.Sprint1.Task2.V10\Tyuiu.GroshevID.Sprint1.Task2.V10.csproj", "{06853A1A-99A8-4255-8453-3A1E8D056E17}"
EndProject
Project("{FAE04EC0-301F-11D3-BF4B-00C04F79EFBC}") = "Tyuiu.GroshevID.Sprint1.Task2.V10.Lib", "Tyuiu.GroshevID.Sprint1.Task2.V10.Lib\Tyuiu.GroshevID.Sprint1.Task2.V10.Lib.csproj", "{FCCBE249-1207-43D5-B100-3CDC516DF986}"
EndProject
Project("{FAE04EC0-301F-11D3-BF4B-00C04F79EFBC}") = "Tyuiu.GroshevID.Sprint1.Task2.V10.Test", "Tyuiu.GroshevID.Sprint1.Task2.V10.Test\Tyuiu.GroshevID.Sprint1.Task2.V10.Test.csproj", "{9244DB76-40DC-4968-976C-7EAECE6BD3F6}"
EndProject
Project("{2150E333-8FDC-42A3-9474-1A3956D46DE8}") = "Task3", "Task3", "{A447B8DD-B3CB-45C9-B9A8-8C98C2EA3902}"
EndProject
Project("{FAE04EC0-301F-11D3-BF4B-00C04F79EFBC}") = "Tyuiu.GroshevID.Sprint1.Task3.V11", "Tyuiu.GroshevID.Sprint1.Task3.V11\Tyuiu.GroshevID.Sprint1.Task3.V11.csproj", "{FDFA4F5E-39F8-4838-9968-559433405AED}"
EndProject
Project("{FAE04EC0-301F-11D3-BF4B-00C04F79EFBC}") = "Tyuiu.GroshevID.Sprint1.Task3.V11.Lib", "Tyuiu.GroshevID.Sprint1.Task3.V11.Lib\Tyuiu.GroshevID.Sprint1.Task3.V11.Lib.csproj", "{EFEA49F5-E908-4C0E-8B43-25ACE6026DED}"
EndProject
Project("{FAE04EC0-301F-11D3-BF4B-00C04F79EFBC}") = "Tyuiu.GroshevID.Sprint1.Task3.V11.Test", "Tyuiu.GroshevID.Sprint1.Task3.V11.Test\Tyuiu.GroshevID.Sprint1.Task3.V11.Test.csproj", "{EA5C7ED4-4896-40E7-97E7-A5C72B6C2A43}"
EndProject
Project("{2150E333-8FDC-42A3-9474-1A3956D46DE8}") = "Task4", "Task4", "{1A415988-A257-49BD-A8E9-CA5FF52438B6}"
EndProject
Project("{FAE04EC0-301F-11D3-BF4B-00C04F79EFBC}") = "Tyuiu.GroshevID.Sprint1.Task4.V12", "Tyuiu.GroshevID.Sprint1.Task4.V12\Tyuiu.GroshevID.Sprint1.Task4.V12.csproj", "{E9CAB4F6-BBBD-4137-B501-68DDD990BAD7}"
EndProject
Project("{FAE04EC0-301F-11D3-BF4B-00C04F79EFBC}") = "Tyuiu.GroshevID.Sprint1.Task4.V12.Lib", "Tyuiu.GroshevID.Sprint1.Task4.V12.Lib\Tyuiu.GroshevID.Sprint1.Task4.V12.Lib.csproj", "{16173FD8-14C6-4B39-B68F-4A19FA96F8D4}"
EndProject
Project("{FAE04EC0-301F-11D3-BF4B-00C04F79EFBC}") = "Tyuiu.GroshevID.Sprint1.Task4.V12.Test", "Tyuiu.GroshevID.Sprint1.Task4.V12.Test\Tyuiu.GroshevID.Sprint1.Task4.V12.Test.csproj", "{E7A1B921-0430-45DF-9473-24DF4BE426D7}"
EndProject
Project("{2150E333-8FDC-42A3-9474-1A3956D46DE8}") = "Task5", "Task5", "{F9C45ADA-F956-4310-A429-65EEDE780C7B}"
EndProject
Project("{FAE04EC0-301F-11D3-BF4B-00C04F79EFBC}") = "Tyuiu.GroshevID.Sprint1.Task5.V7", "Tyuiu.GroshevID.Sprint1.Task5.V7\Tyuiu.GroshevID.Sprint1.Task5.V7.csproj", "{9D554FB1-1323-4B38-836B-73EDBAB99404}"
EndProject
Project("{FAE04EC0-301F-11D3-BF4B-00C04F79EFBC}") = "Tyuiu.GroshevID.Sprint1.Task5.V7.Lib", "Tyuiu.GroshevID.Sprint1.Task5.V7.Lib\Tyuiu.GroshevID.Sprint1.Task5.V7.Lib.csproj", "{306E07D0-F328-4B45-8B49-75CAEBC51C36}"
EndProject
Project("{FAE04EC0-301F-11D3-BF4B-00C04F79EFBC}") = "Tyuiu.GroshevID.Sprint1.Task5.V7.Test", "Tyuiu.GroshevID.Sprint1.Task5.V7.Test\Tyuiu.GroshevID.Sprint1.Task5.V7.Test.csproj", "{5E58150E-05DE-4E7D-91B7-0324206592C0}"
EndProject
Project("{2150E333-8FDC-42A3-9474-1A3956D46DE8}") = "Task6", "Task6", "{FAEE89D4-8858-45A7-B994-01A4001DAF18}"
EndProject
Project("{FAE04EC0-301F-11D3-BF4B-00C04F79EFBC}") = "Tyuiu.GroshevID.Sprint1.Task6.V7", "Tyuiu.GroshevID.Sprint1.Task6.V7\Tyuiu.GroshevID.Sprint1.Task6.V7.csproj", "{385FE86A-E0E2-4312-91DD-1013F252B6A3}"
EndProject
Project("{FAE04EC0-301F-11D3-BF4B-00C04F79EFBC}") = "Tyuiu.GroshevID.Sprint1.Task6.V7.Lib", "Tyuiu.GroshevID.Sprint1.Task6.V7.Lib\Tyuiu.GroshevID.Sprint1.Task6.V7.Lib.csproj", "{355A41FE-7B30-48B9-9706-1B383B5710E1}"
EndProject
Project("{FAE04EC0-301F-11D3-BF4B-00C04F79EFBC}") = "Tyuiu.GroshevID.Sprint1.Task6.V7.Test", "Tyuiu.GroshevID.Sprint1.Task6.V7.Test\Tyuiu.GroshevID.Sprint1.Task6.V7.Test.csproj", "{5C6080E6-40A4-472C-B9BE-4DDBCD00483B}"
EndProject
Global
	GlobalSection(SolutionConfigurationPlatforms) = preSolution
		Debug|Any CPU = Debug|Any CPU
		Release|Any CPU = Release|Any CPU
	EndGlobalSection
	GlobalSection(ProjectConfigurationPlatforms) = postSolution
		{068ABB99-E580-44DA-9B36-415B9DA31787}.Debug|Any CPU.ActiveCfg = Debug|Any CPU
		{068ABB99-E580-44DA-9B36-415B9DA31787}.Debug|Any CPU.Build.0 = Debug|Any CPU
		{068ABB99-E580-44DA-9B36-415B9DA31787}.Release|Any CPU.ActiveCfg = Release|Any CPU
		{068ABB99-E580-44DA-9B36-415B9DA31787}.Release|Any CPU.Build.0 = Release|Any CPU
		{EB70248D-7090-4CB0-B4BE-6C84832AD803}.Debug|Any CPU.ActiveCfg = Debug|Any CPU
		{EB70248D-7090-4CB0-B4BE-6C84832AD803}.Debug|Any CPU.Build.0 = Debug|Any CPU
		{EB70248D-7090-4CB0-B4BE-6C84832AD803}.Release|Any CPU.ActiveCfg = Release|Any CPU
		{EB70248D-7090-4CB0-B4BE-6C84832AD803}.Release|Any CPU.Build.0 = Release|Any CPU
		{EE40C569-CFC0-49C5-A8A9-3EADC48C8B23}.Debug|Any CPU.ActiveCfg = Debug|Any CPU
		{EE40C569-CFC0-49C5-A8A9-3EADC48C8B23}.Debug|Any CPU.Build.0 = Debug|Any CPU
		{EE40C569-CFC0-49C5-A8A9-3EADC48C8B23}.Release|Any CPU.ActiveCfg = Release|Any CPU
		{EE40C569-CFC0-49C5-A8A9-3EADC48C8B23}.Release|Any CPU.Build.0 = Release|Any CPU
		{9C23BA87-A327-4FF6-8935-2170ED0339AA}.Debug|Any CPU.ActiveCfg = Debug|Any CPU
		{9C23BA87-A327-4FF6-8935-2170ED0339AA}.Debug|Any CPU.Build.0 = Debug|Any CPU
		{9C23BA87-A327-4FF6-8935-2170ED0339AA}.Release|Any CPU.ActiveCfg = Release|Any CPU
		{9C23BA87-A327-4FF6-8935-2170ED0339AA}.Release|Any CPU.Build.0 = Release|Any CPU
		{1910291E-82EB-44D4-AC5E-2208EDCBDB41}.Debug|Any CPU.ActiveCfg = Debug|Any CPU
		{1910291E-82EB-44D4-AC5E-2208EDCBDB41}.Debug|Any CPU.Build.0 = Debug|Any CPU
		{1910291E-82EB-44D4-AC5E-2208EDCBDB41}.Release|Any CPU.ActiveCfg = Release|Any CPU
		{1910291E-82EB-44D4-AC5E-2208EDCBDB41}.Release|Any CPU.Build.0 = Release|Any CPU
		{AED2C128-3C49-4CFF-83E4-786E97B9A8C0}.Debug|Any CPU.ActiveCfg = Debug|Any CPU
		{AED2C128-3C49-4CFF-83E4-786E97B9A8C0}.Debug|Any CPU.Build.0 = Debug|Any CPU
		{AED2C128-3C49-4CFF-83E4-786E97B9A8C0}.Release|Any CPU.ActiveCfg = Release|Any CPU
		{AED2C128-3C49-4CFF-83E4-786E97B9A8C0}.Release|Any CPU.Build.0 = Release|Any CPU
		{06853A1A-99A8-4255-8453-3A1E8D056E17}.Debug|Any CPU.ActiveCfg = Debug|Any CPU
		{06853A1A-99A8-4255-8453-3A1E8D056E17}.Debug|Any CPU.Build.0 = Debug|Any CPU
		{06853A1A-99A8-4255-8453-3A1E8D056E17}.Release|Any CPU.ActiveCfg = Release|Any CPU
		{06853A1A-99A8-4255-8453-3A1E8D056E17}.Release|Any CPU.Build.0 = Release|Any CPU
		{FCCBE249-1207-43D5-B100-3CDC516DF986}.Debug|Any CPU.ActiveCfg = Debug|Any CPU
		{FCCBE249-1207-43D5-B100-3CDC516DF986}.Debug|Any CPU.Build.0 = Debug|Any CPU
		{FCCBE249-1207-43D5-B100-3CDC516DF986}.Release|Any CPU.ActiveCfg = Release|Any CPU
		{FCCBE249-1207-43D5-B100-3CDC516DF986}.Release|Any CPU.Build.0 = Release|Any CPU
		{9244DB76-40DC-4968-976C-7EAECE6BD3F6}.Debug|Any CPU.ActiveCfg = Debug|Any CPU
		{9244DB76-40DC-4968-976C-7EAECE6BD3F6}.Debug|Any CPU.Build.0 = Debug|Any CPU
		{9244DB76-40DC-4968-976C-7EAECE6BD3F6}.Release|Any CPU.ActiveCfg = Release|Any CPU
		{9244DB76-40DC-4968-976C-7EAECE6BD3F6}.Release|Any CPU.Build.0 = Release|Any CPU
		{FDFA4F5E-39F8-4838-9968-559433405AED}.Debug|Any CPU.ActiveCfg = Debug|Any CPU
		{FDFA4F5E-39F8-4838-9968-559433405AED}.Debug|Any CPU.Build.0 = Debug|Any CPU
		{FDFA4F5E-39F8-4838-9968-559433405AED}.Release|Any CPU.ActiveCfg = Release|Any CPU
		{FDFA4F5E-39F8-4838-9968-559433405AED}.Release|Any CPU.Build.0 = Release|Any CPU
		{EFEA49F5-E908-4C0E-8B43-25ACE6026DED}.Debug|Any CPU.ActiveCfg = Debug|Any CPU
		{EFEA49F5-E908-4C0E-8B43-25ACE6026DED}.Debug|Any CPU.Build.0 = Debug|Any CPU
		{EFEA49F5-E908-4C0E-8B43-25ACE6026DED}.Release|Any CPU.ActiveCfg = Release|Any CPU
		{EFEA49F5-E908-4C0E-8B43-25ACE6026DED}.Release|Any CPU.Build.0 = Release|Any CPU
		{EA5C7ED4-4896-40E7-97E7-A5C72B6C2A43}.Debug|Any CPU.ActiveCfg = Debug|Any CPU
		{EA5C7ED4-4896-40E7-97E7-A5C72B6C2A43}.Debug|Any CPU.Build.0 = Debug|Any CPU
		{EA5C7ED4-4896-40E7-97E7-A5C72B6C2A43}.Release|Any CPU.ActiveCfg = Release|Any CPU
		{EA5C7ED4-4896-40E7-97E7-A5C72B6C2A43}.Release|Any CPU.Build.0 = Release|Any CPU
		{E9CAB4F6-BBBD-4137-B501-68DDD990BAD7}.Debug|Any CPU.ActiveCfg = Debug|Any CPU
		{E9CAB4F6-BBBD-4137-B501-68DDD990BAD7}.Debug|Any CPU.Build.0 = Debug|Any CPU
		{E9CAB4F6-BBBD-4137-B501-68DDD990BAD7}.Release|Any CPU.ActiveCfg = Release|Any CPU
		{E9CAB4F6-BBBD-4137-B501-68DDD990BAD7}.Release|Any CPU.Build.0 = Release|Any CPU
		{16173FD8-14C6-4B39-B68F-4A19FA96F8D4}.Debug|Any CPU.ActiveCfg = Debug|Any CPU
		{16173FD8-14C6-4B39-B68F-4A19FA96F8D4}.Debug|Any CPU.Build.0 = Debug|Any CPU
		{16173FD8-14C6-4B39-B68F-4A19FA96F8D4}.Release|Any CPU.ActiveCfg = Release|Any CPU
		{16173FD8-14C6-4B39-B68F-4A19FA96F8D4}.Release|Any CPU.Build.0 = Release|Any CPU
		{E7A1B921-0430-45DF-9473-24DF4BE426D7}.Debug|Any CPU.ActiveCfg = Debug|Any CPU
		{E7A1B921-0430-45DF-9473-24DF4BE426D7}.Debug|Any CPU.Build.0 = Debug|Any CPU
		{E7A1B921-0430-45DF-9473-24DF4BE426D7}.Release|Any CPU.ActiveCfg = Release|Any CPU
		{E7A1B921-0430-45DF-9473-24DF4BE426D7}.Release|Any CPU.Build.0 = Release|Any CPU
		{9D554FB1-1323-4B38-836B-73EDBAB99404}.Debug|Any CPU.ActiveCfg = Debug|Any CPU
		{9D554FB1-1323-4B38-836B-73EDBAB99404}.Debug|Any CPU.Build.0 = Debug|Any CPU
		{9D554FB1-1323-4B38-836B-73EDBAB99404}.Release|Any CPU.ActiveCfg = Release|Any CPU
		{9D554FB1-1323-4B38-836B-73EDBAB99404}.Release|Any CPU.Build.0 = Release|Any CPU
		{306E07D0-F328-4B45-8B49-75CAEBC51C36}.Debug|Any CPU.ActiveCfg = Debug|Any CPU
		{306E07D0-F328-4B45-8B49-75CAEBC51C36}.Debug|Any CPU.Build.0 = Debug|Any CPU
		{306E07D0-F328-4B45-8B49-75CAEBC51C36}.Release|Any CPU.ActiveCfg = Release|Any CPU
		{306E07D0-F328-4B45-8B49-75CAEBC51C36}.Release|Any CPU.Build.0 = Release|Any CPU
		{5E58150E-05DE-4E7D-91B7-0324206592C0}.Debug|Any CPU.ActiveCfg = Debug|Any CPU
		{5E58150E-05DE-4E7D-91B7-0324206592C0}.Debug|Any CPU.Build.0 = Debug|Any CPU
		{5E58150E-05DE-4E7D-91B7-0324206592C0}.Release|Any CPU.ActiveCfg = Release|Any CPU
		{5E58150E-05DE-4E7D-91B7-0324206592C0}.Release|Any CPU.Build.0 = Release|Any CPU
		{385FE86A-E0E2-4312-91DD-1013F252B6A3}.Debug|Any CPU.ActiveCfg = Debug|Any CPU
		{385FE86A-E0E2-4312-91DD-1013F252B6A3}.Debug|Any CPU.Build.0 = Debug|Any CPU
		{385FE86A-E0E2-4312-91DD-1013F252B6A3}.Release|Any CPU.ActiveCfg = Release|Any CPU
		{385FE86A-E0E2-4312-91DD-1013F252B6A3}.Release|Any CPU.Build.0 = Release|Any CPU
		{355A41FE-7B30-48B9-9706-1B383B5710E1}.Debug|Any CPU.ActiveCfg = Debug|Any CPU
		{355A41FE-7B30-48B9-9706-1B383B5710E1}.Debug|Any CPU.Build.0 = Debug|Any CPU
		{355A41FE-7B30-48B9-9706-1B383B5710E1}.Release|Any CPU.ActiveCfg = Release|Any CPU
		{355A41FE-7B30-48B9-9706-1B383B5710E1}.Release|Any CPU.Build.0 = Release|Any CPU
		{5C6080E6-40A4-472C-B9BE-4DDBCD00483B}.Debug|Any CPU.ActiveCfg = Debug|Any CPU
		{5C6080E6-40A4-472C-B9BE-4DDBCD00483B}.Debug|Any CPU.Build.0 = Debug|Any CPU
		{5C6080E6-40A4-472C-B9BE-4DDBCD00483B}.Release|Any CPU.ActiveCfg = Release|Any CPU
		{5C6080E6-40A4-472C-B9BE-4DDBCD00483B}.Release|Any CPU.Build.0 = Release|Any CPU
	EndGlobalSection
	GlobalSection(SolutionProperties) = preSolution
		HideSolutionNode = FALSE
	EndGlobalSection
	GlobalSection(NestedProjects) = preSolution
		{068ABB99-E580-44DA-9B36-415B9DA31787} = {AFC3CE62-AF9A-4300-B89E-A28F01F65F0B}
		{EB70248D-7090-4CB0-B4BE-6C84832AD803} = {AFC3CE62-AF9A-4300-B89E-A28F01F65F0B}
		{EE40C569-CFC0-49C5-A8A9-3EADC48C8B23} = {AFC3CE62-AF9A-4300-B89E-A28F01F65F0B}
		{9C23BA87-A327-4FF6-8935-2170ED0339AA} = {02EA681E-C7D8-13C7-8484-4AC65E1B71E8}
		{1910291E-82EB-44D4-AC5E-2208EDCBDB41} = {02EA681E-C7D8-13C7-8484-4AC65E1B71E8}
		{AED2C128-3C49-4CFF-83E4-786E97B9A8C0} = {02EA681E-C7D8-13C7-8484-4AC65E1B71E8}
		{06853A1A-99A8-4255-8453-3A1E8D056E17} = {8572C9FC-E042-4C15-83E7-88532122B014}
		{FCCBE249-1207-43D5-B100-3CDC516DF986} = {8572C9FC-E042-4C15-83E7-88532122B014}
		{9244DB76-40DC-4968-976C-7EAECE6BD3F6} = {8572C9FC-E042-4C15-83E7-88532122B014}
		{FDFA4F5E-39F8-4838-9968-559433405AED} = {A447B8DD-B3CB-45C9-B9A8-8C98C2EA3902}
		{EFEA49F5-E908-4C0E-8B43-25ACE6026DED} = {A447B8DD-B3CB-45C9-B9A8-8C98C2EA3902}
		{EA5C7ED4-4896-40E7-97E7-A5C72B6C2A43} = {A447B8DD-B3CB-45C9-B9A8-8C98C2EA3902}
		{E9CAB4F6-BBBD-4137-B501-68DDD990BAD7} = {1A415988-A257-49BD-A8E9-CA5FF52438B6}
		{16173FD8-14C6-4B39-B68F-4A19FA96F8D4} = {1A415988-A257-49BD-A8E9-CA5FF52438B6}
		{E7A1B921-0430-45DF-9473-24DF4BE426D7} = {1A415988-A257-49BD-A8E9-CA5FF52438B6}
		{9D554FB1-1323-4B38-836B-73EDBAB99404} = {F9C45ADA-F956-4310-A429-65EEDE780C7B}
		{306E07D0-F328-4B45-8B49-75CAEBC51C36} = {F9C45ADA-F956-4310-A429-65EEDE780C7B}
		{5E58150E-05DE-4E7D-91B7-0324206592C0} = {F9C45ADA-F956-4310-A429-65EEDE780C7B}
		{385FE86A-E0E2-4312-91DD-1013F252B6A3} = {FAEE89D4-8858-45A7-B994-01A4001DAF18}
		{355A41FE-7B30-48B9-9706-1B383B5710E1} = {FAEE89D4-8858-45A7-B994-01A4001DAF18}
		{5C6080E6-40A4-472C-B9BE-4DDBCD00483B} = {FAEE89D4-8858-45A7-B994-01A4001DAF18}
	EndGlobalSection
	GlobalSection(ExtensibilityGlobals) = postSolution
		SolutionGuid = {CCF80AF4-B60B-4D33-BF21-FD5A89482B9B}
	EndGlobalSection
EndGlobal
